{
  "name": "2023-fall-cs-194-294-merging-llms",
  "lockfileVersion": 3,
  "requires": true,
  "packages": {
    "": {
      "dependencies": {
        "evaluate": "^1.0.2"
      }
    },
    "node_modules/evaluate": {
      "version": "1.0.2",
      "resolved": "https://registry.npmjs.org/evaluate/-/evaluate-1.0.2.tgz",
      "integrity": "sha512-eCEnkJHtDE1dDuw8AKWFUupbI5j104KBwHqHxcsn/r+uei2rE/jTZt30XR5tjQXCRp0KlGdDzoVBSBPTh0fj1w=="
    }
  }
}
